
Microsoft Visual Studio Solution File, Format Version 12.00
# Visual Studio Version 16
VisualStudioVersion = 16.0.29905.134
MinimumVisualStudioVersion = 10.0.40219.1
Project("{FAE04EC0-301F-11D3-BF4B-00C04F79EFBC}") = "ASP.NETModule3TP", "ASP.NETModule3TP\ASP.NETModule3TP.csproj", "{835397E9-28F5-43C3-9346-730134D57744}"
EndProject
Global
	GlobalSection(SolutionConfigurationPlatforms) = preSolution
		Debug|Any CPU = Debug|Any CPU
		Release|Any CPU = Release|Any CPU
	EndGlobalSection
	GlobalSection(ProjectConfigurationPlatforms) = postSolution
		{835397E9-28F5-43C3-9346-730134D57744}.Debug|Any CPU.ActiveCfg = Debug|Any CPU
		{835397E9-28F5-43C3-9346-730134D57744}.Debug|Any CPU.Build.0 = Debug|Any CPU
		{835397E9-28F5-43C3-9346-730134D57744}.Release|Any CPU.ActiveCfg = Release|Any CPU
		{835397E9-28F5-43C3-9346-730134D57744}.Release|Any CPU.Build.0 = Release|Any CPU
	EndGlobalSection
	GlobalSection(SolutionProperties) = preSolution
		HideSolutionNode = FALSE
	EndGlobalSection
	GlobalSection(ExtensibilityGlobals) = postSolution
		SolutionGuid = {EE4A2AAD-6CFF-4777-B826-6B45623808A2}
	EndGlobalSection
EndGlobal
